// !$*UTF8*$!
{
	archiveVersion = 1;
	classes = {
	};
	objectVersion = 56;
	objects = {

/* Begin PBXBuildFile section */
		49061D412C41DCD20075E2CA /* LogInspectorApp.swift in Sources */ = {isa = PBXBuildFile; fileRef = 49061D402C41DCD20075E2CA /* LogInspectorApp.swift */; };
		49061D432C41DCD20075E2CA /* ContentView.swift in Sources */ = {isa = PBXBuildFile; fileRef = 49061D422C41DCD20075E2CA /* ContentView.swift */; };
		49061D452C41DCD50075E2CA /* Assets.xcassets in Resources */ = {isa = PBXBuildFile; fileRef = 49061D442C41DCD50075E2CA /* Assets.xcassets */; };
		49061D482C41DCD50075E2CA /* Preview Assets.xcassets in Resources */ = {isa = PBXBuildFile; fileRef = 49061D472C41DCD50075E2CA /* Preview Assets.xcassets */; };
		49C54CB92C41E54F005146AC /* Types.swift in Sources */ = {isa = PBXBuildFile; fileRef = 49C54CB82C41E54F005146AC /* Types.swift */; };
		49C54CBC2C41EEEA005146AC /* SwiftUICharts in Frameworks */ = {isa = PBXBuildFile; productRef = 49C54CBB2C41EEEA005146AC /* SwiftUICharts */; };
		49C54CBE2C41EF83005146AC /* Helpers.swift in Sources */ = {isa = PBXBuildFile; fileRef = 49C54CBD2C41EF83005146AC /* Helpers.swift */; };
/* End PBXBuildFile section */

/* Begin PBXFileReference section */
		49061D3D2C41DCD20075E2CA /* Log Inspector.app */ = {isa = PBXFileReference; explicitFileType = wrapper.application; includeInIndex = 0; path = "Log Inspector.app"; sourceTree = BUILT_PRODUCTS_DIR; };
		49061D402C41DCD20075E2CA /* LogInspectorApp.swift */ = {isa = PBXFileReference; lastKnownFileType = sourcecode.swift; path = LogInspectorApp.swift; sourceTree = "<group>"; };
		49061D422C41DCD20075E2CA /* ContentView.swift */ = {isa = PBXFileReference; lastKnownFileType = sourcecode.swift; path = ContentView.swift; sourceTree = "<group>"; };
		49061D442C41DCD50075E2CA /* Assets.xcassets */ = {isa = PBXFileReference; lastKnownFileType = folder.assetcatalog; path = Assets.xcassets; sourceTree = "<group>"; };
		49061D472C41DCD50075E2CA /* Preview Assets.xcassets */ = {isa = PBXFileReference; lastKnownFileType = folder.assetcatalog; path = "Preview Assets.xcassets"; sourceTree = "<group>"; };
		49061D492C41DCD50075E2CA /* LogInspector.entitlements */ = {isa = PBXFileReference; lastKnownFileType = text.plist.entitlements; path = LogInspector.entitlements; sourceTree = "<group>"; };
		49C54CB82C41E54F005146AC /* Types.swift */ = {isa = PBXFileReference; lastKnownFileType = sourcecode.swift; path = Types.swift; sourceTree = "<group>"; };
		49C54CBD2C41EF83005146AC /* Helpers.swift */ = {isa = PBXFileReference; lastKnownFileType = sourcecode.swift; path = Helpers.swift; sourceTree = "<group>"; };
/* End PBXFileReference section */

/* Begin PBXFrameworksBuildPhase section */
		49061D3A2C41DCD20075E2CA /* Frameworks */ = {
			isa = PBXFrameworksBuildPhase;
			buildActionMask = 2147483647;
			files = (
				49C54CBC2C41EEEA005146AC /* SwiftUICharts in Frameworks */,
			);
			runOnlyForDeploymentPostprocessing = 0;
		};
/* End PBXFrameworksBuildPhase section */

/* Begin PBXGroup section */
		49061D342C41DCD20075E2CA = {
			isa = PBXGroup;
			children = (
				49061D3F2C41DCD20075E2CA /* Log Inspector */,
				49061D3E2C41DCD20075E2CA /* Products */,
			);
			sourceTree = "<group>";
		};
		49061D3E2C41DCD20075E2CA /* Products */ = {
			isa = PBXGroup;
			children = (
				49061D3D2C41DCD20075E2CA /* Log Inspector.app */,
			);
			name = Products;
			sourceTree = "<group>";
		};
		49061D3F2C41DCD20075E2CA /* Log Inspector */ = {
			isa = PBXGroup;
			children = (
				49061D402C41DCD20075E2CA /* LogInspectorApp.swift */,
				49061D422C41DCD20075E2CA /* ContentView.swift */,
				49C54CB82C41E54F005146AC /* Types.swift */,
				49061D442C41DCD50075E2CA /* Assets.xcassets */,
				49061D492C41DCD50075E2CA /* LogInspector.entitlements */,
				49061D462C41DCD50075E2CA /* Preview Content */,
				49C54CBD2C41EF83005146AC /* Helpers.swift */,
			);
			path = "Log Inspector";
			sourceTree = "<group>";
		};
		49061D462C41DCD50075E2CA /* Preview Content */ = {
			isa = PBXGroup;
			children = (
				49061D472C41DCD50075E2CA /* Preview Assets.xcassets */,
			);
			path = "Preview Content";
			sourceTree = "<group>";
		};
/* End PBXGroup section */

/* Begin PBXNativeTarget section */
		49061D3C2C41DCD20075E2CA /* Log Inspector */ = {
			isa = PBXNativeTarget;
			buildConfigurationList = 49061D4C2C41DCD50075E2CA /* Build configuration list for PBXNativeTarget "Log Inspector" */;
			buildPhases = (
				49061D392C41DCD20075E2CA /* Sources */,
				49061D3A2C41DCD20075E2CA /* Frameworks */,
				49061D3B2C41DCD20075E2CA /* Resources */,
			);
			buildRules = (
			);
			dependencies = (
			);
			name = "Log Inspector";
			packageProductDependencies = (
				49C54CBB2C41EEEA005146AC /* SwiftUICharts */,
			);
			productName = "Log Inspector";
			productReference = 49061D3D2C41DCD20075E2CA /* Log Inspector.app */;
			productType = "com.apple.product-type.application";
		};
/* End PBXNativeTarget section */

/* Begin PBXProject section */
		49061D352C41DCD20075E2CA /* Project object */ = {
			isa = PBXProject;
			attributes = {
				BuildIndependentTargetsInParallel = 1;
				LastSwiftUpdateCheck = 1540;
				LastUpgradeCheck = 1540;
				TargetAttributes = {
					49061D3C2C41DCD20075E2CA = {
						CreatedOnToolsVersion = 15.4;
					};
				};
			};
			buildConfigurationList = 49061D382C41DCD20075E2CA /* Build configuration list for PBXProject "Log Inspector" */;
			compatibilityVersion = "Xcode 14.0";
			developmentRegion = en;
			hasScannedForEncodings = 0;
			knownRegions = (
				en,
				Base,
			);
			mainGroup = 49061D342C41DCD20075E2CA;
			packageReferences = (
				49C54CBA2C41EEEA005146AC /* XCRemoteSwiftPackageReference "SwiftUICharts" */,
			);
			productRefGroup = 49061D3E2C41DCD20075E2CA /* Products */;
			projectDirPath = "";
			projectRoot = "";
			targets = (
				49061D3C2C41DCD20075E2CA /* Log Inspector */,
			);
		};
/* End PBXProject section */

/* Begin PBXResourcesBuildPhase section */
		49061D3B2C41DCD20075E2CA /* Resources */ = {
			isa = PBXResourcesBuildPhase;
			buildActionMask = 2147483647;
			files = (
				49061D482C41DCD50075E2CA /* Preview Assets.xcassets in Resources */,
				49061D452C41DCD50075E2CA /* Assets.xcassets in Resources */,
			);
			runOnlyForDeploymentPostprocessing = 0;
		};
/* End PBXResourcesBuildPhase section */

/* Begin PBXSourcesBuildPhase section */
		49061D392C41DCD20075E2CA /* Sources */ = {
			isa = PBXSourcesBuildPhase;
			buildActionMask = 2147483647;
			files = (
				49C54CB92C41E54F005146AC /* Types.swift in Sources */,
				49061D432C41DCD20075E2CA /* ContentView.swift in Sources */,
				49061D412C41DCD20075E2CA /* LogInspectorApp.swift in Sources */,
				49C54CBE2C41EF83005146AC /* Helpers.swift in Sources */,
			);
			runOnlyForDeploymentPostprocessing = 0;
		};
/* End PBXSourcesBuildPhase section */

/* Begin XCBuildConfiguration section */
		49061D4A2C41DCD50075E2CA /* Debug */ = {
			isa = XCBuildConfiguration;
			buildSettings = {
				ALWAYS_SEARCH_USER_PATHS = NO;
				ASSETCATALOG_COMPILER_GENERATE_SWIFT_ASSET_SYMBOL_EXTENSIONS = YES;
				CLANG_ANALYZER_NONNULL = YES;
				CLANG_ANALYZER_NUMBER_OBJECT_CONVERSION = YES_AGGRESSIVE;
				CLANG_CXX_LANGUAGE_STANDARD = "gnu++20";
				CLANG_ENABLE_MODULES = YES;
				CLANG_ENABLE_OBJC_ARC = YES;
				CLANG_ENABLE_OBJC_WEAK = YES;
				CLANG_WARN_BLOCK_CAPTURE_AUTORELEASING = YES;
				CLANG_WARN_BOOL_CONVERSION = YES;
				CLANG_WARN_COMMA = YES;
				CLANG_WARN_CONSTANT_CONVERSION = YES;
				CLANG_WARN_DEPRECATED_OBJC_IMPLEMENTATIONS = YES;
				CLANG_WARN_DIRECT_OBJC_ISA_USAGE = YES_ERROR;
				CLANG_WARN_DOCUMENTATION_COMMENTS = YES;
				CLANG_WARN_EMPTY_BODY = YES;
				CLANG_WARN_ENUM_CONVERSION = YES;
				CLANG_WARN_INFINITE_RECURSION = YES;
				CLANG_WARN_INT_CONVERSION = YES;
				CLANG_WARN_NON_LITERAL_NULL_CONVERSION = YES;
				CLANG_WARN_OBJC_IMPLICIT_RETAIN_SELF = YES;
				CLANG_WARN_OBJC_LITERAL_CONVERSION = YES;
				CLANG_WARN_OBJC_ROOT_CLASS = YES_ERROR;
				CLANG_WARN_QUOTED_INCLUDE_IN_FRAMEWORK_HEADER = YES;
				CLANG_WARN_RANGE_LOOP_ANALYSIS = YES;
				CLANG_WARN_STRICT_PROTOTYPES = YES;
				CLANG_WARN_SUSPICIOUS_MOVE = YES;
				CLANG_WARN_UNGUARDED_AVAILABILITY = YES_AGGRESSIVE;
				CLANG_WARN_UNREACHABLE_CODE = YES;
				CLANG_WARN__DUPLICATE_METHOD_MATCH = YES;
				COPY_PHASE_STRIP = NO;
				DEBUG_INFORMATION_FORMAT = dwarf;
				ENABLE_STRICT_OBJC_MSGSEND = YES;
				ENABLE_TESTABILITY = YES;
				ENABLE_USER_SCRIPT_SANDBOXING = YES;
				GCC_C_LANGUAGE_STANDARD = gnu17;
				GCC_DYNAMIC_NO_PIC = NO;
				GCC_NO_COMMON_BLOCKS = YES;
				GCC_OPTIMIZATION_LEVEL = 0;
				GCC_PREPROCESSOR_DEFINITIONS = (
					"DEBUG=1",
					"$(inherited)",
				);
				GCC_WARN_64_TO_32_BIT_CONVERSION = YES;
				GCC_WARN_ABOUT_RETURN_TYPE = YES_ERROR;
				GCC_WARN_UNDECLARED_SELECTOR = YES;
				GCC_WARN_UNINITIALIZED_AUTOS = YES_AGGRESSIVE;
				GCC_WARN_UNUSED_FUNCTION = YES;
				GCC_WARN_UNUSED_VARIABLE = YES;
				LOCALIZATION_PREFERS_STRING_CATALOGS = YES;
				MACOSX_DEPLOYMENT_TARGET = 14.5;
				MTL_ENABLE_DEBUG_INFO = INCLUDE_SOURCE;
				MTL_FAST_MATH = YES;
				ONLY_ACTIVE_ARCH = YES;
				SDKROOT = macosx;
				SWIFT_ACTIVE_COMPILATION_CONDITIONS = "DEBUG $(inherited)";
				SWIFT_OPTIMIZATION_LEVEL = "-Onone";
			};
			name = Debug;
		};
		49061D4B2C41DCD50075E2CA /* Release */ = {
			isa = XCBuildConfiguration;
			buildSettings = {
				ALWAYS_SEARCH_USER_PATHS = NO;
				ASSETCATALOG_COMPILER_GENERATE_SWIFT_ASSET_SYMBOL_EXTENSIONS = YES;
				CLANG_ANALYZER_NONNULL = YES;
				CLANG_ANALYZER_NUMBER_OBJECT_CONVERSION = YES_AGGRESSIVE;
				CLANG_CXX_LANGUAGE_STANDARD = "gnu++20";
				CLANG_ENABLE_MODULES = YES;
				CLANG_ENABLE_OBJC_ARC = YES;
				CLANG_ENABLE_OBJC_WEAK = YES;
				CLANG_WARN_BLOCK_CAPTURE_AUTORELEASING = YES;
				CLANG_WARN_BOOL_CONVERSION = YES;
				CLANG_WARN_COMMA = YES;
				CLANG_WARN_CONSTANT_CONVERSION = YES;
				CLANG_WARN_DEPRECATED_OBJC_IMPLEMENTATIONS = YES;
				CLANG_WARN_DIRECT_OBJC_ISA_USAGE = YES_ERROR;
				CLANG_WARN_DOCUMENTATION_COMMENTS = YES;
				CLANG_WARN_EMPTY_BODY = YES;
				CLANG_WARN_ENUM_CONVERSION = YES;
				CLANG_WARN_INFINITE_RECURSION = YES;
				CLANG_WARN_INT_CONVERSION = YES;
				CLANG_WARN_NON_LITERAL_NULL_CONVERSION = YES;
				CLANG_WARN_OBJC_IMPLICIT_RETAIN_SELF = YES;
				CLANG_WARN_OBJC_LITERAL_CONVERSION = YES;
				CLANG_WARN_OBJC_ROOT_CLASS = YES_ERROR;
				CLANG_WARN_QUOTED_INCLUDE_IN_FRAMEWORK_HEADER = YES;
				CLANG_WARN_RANGE_LOOP_ANALYSIS = YES;
				CLANG_WARN_STRICT_PROTOTYPES = YES;
				CLANG_WARN_SUSPICIOUS_MOVE = YES;
				CLANG_WARN_UNGUARDED_AVAILABILITY = YES_AGGRESSIVE;
				CLANG_WARN_UNREACHABLE_CODE = YES;
				CLANG_WARN__DUPLICATE_METHOD_MATCH = YES;
				COPY_PHASE_STRIP = NO;
				DEBUG_INFORMATION_FORMAT = "dwarf-with-dsym";
				ENABLE_NS_ASSERTIONS = NO;
				ENABLE_STRICT_OBJC_MSGSEND = YES;
				ENABLE_USER_SCRIPT_SANDBOXING = YES;
				GCC_C_LANGUAGE_STANDARD = gnu17;
				GCC_NO_COMMON_BLOCKS = YES;
				GCC_WARN_64_TO_32_BIT_CONVERSION = YES;
				GCC_WARN_ABOUT_RETURN_TYPE = YES_ERROR;
				GCC_WARN_UNDECLARED_SELECTOR = YES;
				GCC_WARN_UNINITIALIZED_AUTOS = YES_AGGRESSIVE;
				GCC_WARN_UNUSED_FUNCTION = YES;
				GCC_WARN_UNUSED_VARIABLE = YES;
				LOCALIZATION_PREFERS_STRING_CATALOGS = YES;
				MACOSX_DEPLOYMENT_TARGET = 14.5;
				MTL_ENABLE_DEBUG_INFO = NO;
				MTL_FAST_MATH = YES;
				SDKROOT = macosx;
				SWIFT_COMPILATION_MODE = wholemodule;
			};
			name = Release;
		};
		49061D4D2C41DCD50075E2CA /* Debug */ = {
			isa = XCBuildConfiguration;
			buildSettings = {
				ASSETCATALOG_COMPILER_APPICON_NAME = AppIcon;
				ASSETCATALOG_COMPILER_GLOBAL_ACCENT_COLOR_NAME = AccentColor;
				CODE_SIGN_ENTITLEMENTS = "Log Inspector/LogInspector.entitlements";
				CODE_SIGN_STYLE = Automatic;
				COMBINE_HIDPI_IMAGES = YES;
				CURRENT_PROJECT_VERSION = 1;
				DEVELOPMENT_ASSET_PATHS = "\"Log Inspector/Preview Content\"";
				DEVELOPMENT_TEAM = 7U6K972H9Q;
				ENABLE_HARDENED_RUNTIME = YES;
				ENABLE_PREVIEWS = YES;
				GENERATE_INFOPLIST_FILE = YES;
				INFOPLIST_KEY_CFBundleDisplayName = "Log Inspector";
				INFOPLIST_KEY_NSHumanReadableCopyright = "";
				LD_RUNPATH_SEARCH_PATHS = (
					"$(inherited)",
					"@executable_path/../Frameworks",
				);
				MARKETING_VERSION = 1.0;
				PRODUCT_BUNDLE_IDENTIFIER = "com.andydragon.Log-Inspector";
				PRODUCT_NAME = "$(TARGET_NAME)";
				SWIFT_EMIT_LOC_STRINGS = YES;
				SWIFT_VERSION = 5.0;
			};
			name = Debug;
		};
		49061D4E2C41DCD50075E2CA /* Release */ = {
			isa = XCBuildConfiguration;
			buildSettings = {
				ASSETCATALOG_COMPILER_APPICON_NAME = AppIcon;
				ASSETCATALOG_COMPILER_GLOBAL_ACCENT_COLOR_NAME = AccentColor;
				CODE_SIGN_ENTITLEMENTS = "Log Inspector/LogInspector.entitlements";
				CODE_SIGN_STYLE = Automatic;
				COMBINE_HIDPI_IMAGES = YES;
				CURRENT_PROJECT_VERSION = 1;
				DEVELOPMENT_ASSET_PATHS = "\"Log Inspector/Preview Content\"";
				DEVELOPMENT_TEAM = 7U6K972H9Q;
				ENABLE_HARDENED_RUNTIME = YES;
				ENABLE_PREVIEWS = YES;
				GENERATE_INFOPLIST_FILE = YES;
				INFOPLIST_KEY_CFBundleDisplayName = "Log Inspector";
				INFOPLIST_KEY_NSHumanReadableCopyright = "";
				LD_RUNPATH_SEARCH_PATHS = (
					"$(inherited)",
					"@executable_path/../Frameworks",
				);
				MARKETING_VERSION = 1.0;
				PRODUCT_BUNDLE_IDENTIFIER = "com.andydragon.Log-Inspector";
				PRODUCT_NAME = "$(TARGET_NAME)";
				SWIFT_EMIT_LOC_STRINGS = YES;
				SWIFT_VERSION = 5.0;
			};
			name = Release;
		};
/* End XCBuildConfiguration section */

/* Begin XCConfigurationList section */
		49061D382C41DCD20075E2CA /* Build configuration list for PBXProject "Log Inspector" */ = {
			isa = XCConfigurationList;
			buildConfigurations = (
				49061D4A2C41DCD50075E2CA /* Debug */,
				49061D4B2C41DCD50075E2CA /* Release */,
			);
			defaultConfigurationIsVisible = 0;
			defaultConfigurationName = Release;
		};
		49061D4C2C41DCD50075E2CA /* Build configuration list for PBXNativeTarget "Log Inspector" */ = {
			isa = XCConfigurationList;
			buildConfigurations = (
				49061D4D2C41DCD50075E2CA /* Debug */,
				49061D4E2C41DCD50075E2CA /* Release */,
			);
			defaultConfigurationIsVisible = 0;
			defaultConfigurationName = Release;
		};
/* End XCConfigurationList section */

/* Begin XCRemoteSwiftPackageReference section */
		49C54CBA2C41EEEA005146AC /* XCRemoteSwiftPackageReference "SwiftUICharts" */ = {
			isa = XCRemoteSwiftPackageReference;
			repositoryURL = "https://github.com/willdale/SwiftUICharts.git";
			requirement = {
				kind = upToNextMajorVersion;
				minimumVersion = 2.10.2;
			};
		};
/* End XCRemoteSwiftPackageReference section */

/* Begin XCSwiftPackageProductDependency section */
		49C54CBB2C41EEEA005146AC /* SwiftUICharts */ = {
			isa = XCSwiftPackageProductDependency;
			package = 49C54CBA2C41EEEA005146AC /* XCRemoteSwiftPackageReference "SwiftUICharts" */;
			productName = SwiftUICharts;
		};
/* End XCSwiftPackageProductDependency section */
	};
	rootObject = 49061D352C41DCD20075E2CA /* Project object */;
}
